{
  "version": 4,
  "terraform_version": "0.12.6",
  "serial": 65,
  "lineage": "c15cba50-6680-0137-2c96-9ed79564bc8d",
  "outputs": {},
  "resources": [
    {
      "module": "module.project",
      "mode": "data",
      "type": "null_data_source",
      "name": "default_service_account",
      "provider": "provider.null",
      "instances": [
        {
          "schema_version": 0,
          "attributes": {
            "has_computed_default": "default",
            "id": "static",
            "inputs": {
              "email": "845668647002-compute@developer.gserviceaccount.com"
            },
            "outputs": {
              "email": "845668647002-compute@developer.gserviceaccount.com"
            },
            "random": "3045772953570939422"
          },
          "depends_on": [
            "google_project.main"
          ]
        }
      ]
    },
    {
      "module": "module.project",
      "mode": "managed",
      "type": "google_compute_project_metadata_item",
      "name": "enable_os_login",
      "provider": "provider.google",
      "instances": [
        {
          "schema_version": 0,
          "attributes": {
            "id": "enable-oslogin",
            "key": "enable-oslogin",
            "project": "terra6",
            "timeouts": null,
            "value": "TRUE"
          },
          "private": "eyJlMmJmYjczMC1lY2FhLTExZTYtOGY4OC0zNDM2M2JjN2M0YzAiOnsiY3JlYXRlIjozMDAwMDAwMDAwMDAsImRlbGV0ZSI6MzAwMDAwMDAwMDAwLCJ1cGRhdGUiOjMwMDAwMDAwMDAwMH19",
          "depends_on": [
            "google_project.main"
          ]
        }
      ]
    },
    {
      "module": "module.project",
      "mode": "managed",
      "type": "google_compute_subnetwork_iam_member",
      "name": "apis_service_account_role_to_vpc_subnets",
      "each": "list",
      "provider": "provider.google-beta",
      "instances": []
    },
    {
      "module": "module.project",
      "mode": "managed",
      "type": "google_compute_subnetwork_iam_member",
      "name": "gke_shared_vpc_subnets",
      "each": "list",
      "provider": "provider.google-beta",
      "instances": []
    },
    {
      "module": "module.project",
      "mode": "managed",
      "type": "google_compute_subnetwork_iam_member",
      "name": "group_role_to_vpc_subnets",
      "each": "list",
      "provider": "provider.google-beta",
      "instances": []
    },
    {
      "module": "module.project",
      "mode": "managed",
      "type": "google_compute_subnetwork_iam_member",
      "name": "service_account_role_to_vpc_subnets",
      "each": "list",
      "provider": "provider.google-beta",
      "instances": []
    },
    {
      "module": "module.project",
      "mode": "managed",
      "type": "google_project",
      "name": "main",
      "provider": "provider.google",
      "instances": [
        {
          "schema_version": 1,
          "attributes": {
            "app_engine": [],
            "auto_create_network": false,
            "billing_account": "01BD07-2E6EE4-EDF01B",
            "folder_id": "590517835122",
            "id": "terra6",
            "labels": {
              "env": "prod",
              "project": "terra6"
            },
            "name": "terra6",
            "number": "845668647002",
            "org_id": "",
            "policy_data": null,
            "policy_etag": null,
            "project_id": "terra6",
            "skip_delete": null
          },
          "private": "eyJzY2hlbWFfdmVyc2lvbiI6IjEifQ==",
          "depends_on": [
            "null_resource.preconditions"
          ]
        }
      ]
    },
    {
      "module": "module.project",
      "mode": "managed",
      "type": "google_project_iam_member",
      "name": "controlling_group_vpc_membership",
      "each": "list",
      "provider": "provider.google",
      "instances": []
    },
    {
      "module": "module.project",
      "mode": "managed",
      "type": "google_project_iam_member",
      "name": "gke_host_agent",
      "each": "list",
      "provider": "provider.google",
      "instances": []
    },
    {
      "module": "module.project",
      "mode": "managed",
      "type": "google_project_iam_member",
      "name": "gsuite_admin_group_role",
      "each": "list",
      "provider": "provider.google",
      "instances": [
        {
          "index_key": 0,
          "schema_version": 0,
          "attributes": {
            "etag": "BwWQA4voqE0=",
            "id": "terra6/roles/owner/group:admin@inspiracaosoluvel.com",
            "member": "group:admin@inspiracaosoluvel.com",
            "project": "terra6",
            "role": "roles/owner"
          },
          "private": "bnVsbA==",
          "depends_on": [
            "google_project.main"
          ]
        }
      ]
    },
    {
      "module": "module.project",
      "mode": "managed",
      "type": "google_project_iam_member",
      "name": "gsuite_user_group_role",
      "each": "list",
      "provider": "provider.google",
      "instances": [
        {
          "index_key": 0,
          "schema_version": 0,
          "attributes": {
            "etag": "BwWQA4voqE0=",
            "id": "terra6/roles/viewer/group:users@inspiracaosoluvel.com",
            "member": "group:users@inspiracaosoluvel.com",
            "project": "terra6",
            "role": "roles/viewer"
          },
          "private": "bnVsbA==",
          "depends_on": [
            "google_project.main"
          ]
        }
      ]
    },
    {
      "module": "module.project",
      "mode": "managed",
      "type": "google_project_service",
      "name": "project_services",
      "each": "list",
      "provider": "provider.google",
      "instances": [
        {
          "index_key": 0,
          "schema_version": 0,
          "attributes": {
            "disable_dependent_services": true,
            "disable_on_destroy": true,
            "id": "terra6/container.googleapis.com",
            "project": "terra6",
            "service": "container.googleapis.com",
            "timeouts": null
          },
          "private": "eyJlMmJmYjczMC1lY2FhLTExZTYtOGY4OC0zNDM2M2JjN2M0YzAiOnsiY3JlYXRlIjoxMjAwMDAwMDAwMDAwLCJkZWxldGUiOjEyMDAwMDAwMDAwMDAsInJlYWQiOjYwMDAwMDAwMDAwMCwidXBkYXRlIjoxMjAwMDAwMDAwMDAwfX0=",
          "depends_on": [
            "google_project.main"
          ]
        },
        {
          "index_key": 1,
          "schema_version": 0,
          "attributes": {
            "disable_dependent_services": true,
            "disable_on_destroy": true,
            "id": "terra6/iam.googleapis.com",
            "project": "terra6",
            "service": "iam.googleapis.com",
            "timeouts": null
          },
          "private": "eyJlMmJmYjczMC1lY2FhLTExZTYtOGY4OC0zNDM2M2JjN2M0YzAiOnsiY3JlYXRlIjoxMjAwMDAwMDAwMDAwLCJkZWxldGUiOjEyMDAwMDAwMDAwMDAsInJlYWQiOjYwMDAwMDAwMDAwMCwidXBkYXRlIjoxMjAwMDAwMDAwMDAwfX0=",
          "depends_on": [
            "google_project.main"
          ]
        }
      ]
    },
    {
      "module": "module.project",
      "mode": "managed",
      "type": "google_resource_manager_lien",
      "name": "lien",
      "each": "list",
      "provider": "provider.google",
      "instances": []
    },
    {
      "module": "module.project",
      "mode": "managed",
      "type": "google_service_account",
      "name": "default_service_account",
      "provider": "provider.google",
      "instances": [
        {
          "schema_version": 0,
          "attributes": {
            "account_id": "project-service-account",
            "display_name": "terra6 Project Service Account",
            "email": "project-service-account@terra6.iam.gserviceaccount.com",
            "id": "projects/terra6/serviceAccounts/project-service-account@terra6.iam.gserviceaccount.com",
            "name": "projects/terra6/serviceAccounts/project-service-account@terra6.iam.gserviceaccount.com",
            "policy_data": null,
            "project": "terra6",
            "unique_id": "115143040553006691345"
          },
          "private": "bnVsbA==",
          "depends_on": [
            "google_project.main"
          ]
        }
      ]
    },
    {
      "module": "module.project",
      "mode": "managed",
      "type": "null_resource",
      "name": "preconditions",
      "provider": "provider.null",
      "instances": [
        {
          "schema_version": 0,
          "attributes": {
            "id": "230480024339496143",
            "triggers": {
              "billing_account": "01BD07-2E6EE4-EDF01B",
              "credentials_path": "1",
              "folder_id": "590517835122",
              "org_id": "",
              "shared_vpc": ""
            }
          }
        }
      ]
    },
    {
      "module": "module.project",
      "mode": "managed",
      "type": "random_id",
      "name": "random_project_id_suffix",
      "provider": "provider.random",
      "instances": [
        {
          "schema_version": 0,
          "attributes": {
            "b64": "JBM",
            "b64_std": "JBM=",
            "b64_url": "JBM",
            "byte_length": 2,
            "dec": "9235",
            "hex": "2413",
            "id": "JBM",
            "keepers": null,
            "prefix": null
          }
        }
      ]
    }
  ]
}
